// !$*UTF8*$!
{
	archiveVersion = 1;
	classes = {
	};
	objectVersion = 46;
	objects = {

/* Begin PBXBuildFile section */
		63C07F9F1373AB5700352C94 /* Foundation.framework in Frameworks */ = {isa = PBXBuildFile; fileRef = 63C07F9E1373AB5700352C94 /* Foundation.framework */; };
		63C07FC31373AB5700352C94 /* StuffKitObject.h in Headers */ = {isa = PBXBuildFile; fileRef = 63C07FC21373AB5700352C94 /* StuffKitObject.h */; };
		63C07FC51373AB5700352C94 /* StuffKitObject.m in Sources */ = {isa = PBXBuildFile; fileRef = 63C07FC41373AB5700352C94 /* StuffKitObject.m */; };
		63C07FC81373AB5700352C94 /* StuffKit.h in Headers */ = {isa = PBXBuildFile; fileRef = 63C07FC71373AB5700352C94 /* StuffKit.h */; };
		63C07FCB1373AB5700352C94 /* StuffKitLibrary.h in Headers */ = {isa = PBXBuildFile; fileRef = 63C07FCA1373AB5700352C94 /* StuffKitLibrary.h */; };
		63C07FCD1373AB5700352C94 /* StuffKitLibrary.m in Sources */ = {isa = PBXBuildFile; fileRef = 63C07FCC1373AB5700352C94 /* StuffKitLibrary.m */; };
/* End PBXBuildFile section */

/* Begin PBXCopyFilesBuildPhase section */
		63C07F981373AB5700352C94 /* CopyFiles */ = {
			isa = PBXCopyFilesBuildPhase;
			buildActionMask = 2147483647;
			dstPath = "$(BUILD_SHARED_BUNDLES_PATH)";
			dstSubfolderSpec = 0;
			files = (
			);
			runOnlyForDeploymentPostprocessing = 0;
		};
/* End PBXCopyFilesBuildPhase section */

/* Begin PBXFileReference section */
		63C07F9B1373AB5700352C94 /* libStuffKit.a */ = {isa = PBXFileReference; explicitFileType = archive.ar; includeInIndex = 0; path = libStuffKit.a; sourceTree = BUILT_PRODUCTS_DIR; };
		63C07F9E1373AB5700352C94 /* Foundation.framework */ = {isa = PBXFileReference; lastKnownFileType = wrapper.framework; name = Foundation.framework; path = System/Library/Frameworks/Foundation.framework; sourceTree = SDKROOT; };
		63C07FA11373AB5700352C94 /* AddressBook.framework */ = {isa = PBXFileReference; lastKnownFileType = wrapper.framework; name = AddressBook.framework; path = System/Library/Frameworks/AddressBook.framework; sourceTree = SDKROOT; };
		63C07FA21373AB5700352C94 /* AddressBookUI.framework */ = {isa = PBXFileReference; lastKnownFileType = wrapper.framework; name = AddressBookUI.framework; path = System/Library/Frameworks/AddressBookUI.framework; sourceTree = SDKROOT; };
		63C07FA31373AB5700352C94 /* AssetsLibrary.framework */ = {isa = PBXFileReference; lastKnownFileType = wrapper.framework; name = AssetsLibrary.framework; path = System/Library/Frameworks/AssetsLibrary.framework; sourceTree = SDKROOT; };
		63C07FA41373AB5700352C94 /* AVFoundation.framework */ = {isa = PBXFileReference; lastKnownFileType = wrapper.framework; name = AVFoundation.framework; path = System/Library/Frameworks/AVFoundation.framework; sourceTree = SDKROOT; };
		63C07FA51373AB5700352C94 /* CFNetwork.framework */ = {isa = PBXFileReference; lastKnownFileType = wrapper.framework; name = CFNetwork.framework; path = System/Library/Frameworks/CFNetwork.framework; sourceTree = SDKROOT; };
		63C07FA61373AB5700352C94 /* CoreData.framework */ = {isa = PBXFileReference; lastKnownFileType = wrapper.framework; name = CoreData.framework; path = System/Library/Frameworks/CoreData.framework; sourceTree = SDKROOT; };
		63C07FA71373AB5700352C94 /* CoreFoundation.framework */ = {isa = PBXFileReference; lastKnownFileType = wrapper.framework; name = CoreFoundation.framework; path = System/Library/Frameworks/CoreFoundation.framework; sourceTree = SDKROOT; };
		63C07FA81373AB5700352C94 /* CoreGraphics.framework */ = {isa = PBXFileReference; lastKnownFileType = wrapper.framework; name = CoreGraphics.framework; path = System/Library/Frameworks/CoreGraphics.framework; sourceTree = SDKROOT; };
		63C07FA91373AB5700352C94 /* CoreLocation.framework */ = {isa = PBXFileReference; lastKnownFileType = wrapper.framework; name = CoreLocation.framework; path = System/Library/Frameworks/CoreLocation.framework; sourceTree = SDKROOT; };
		63C07FAA1373AB5700352C94 /* CoreMotion.framework */ = {isa = PBXFileReference; lastKnownFileType = wrapper.framework; name = CoreMotion.framework; path = System/Library/Frameworks/CoreMotion.framework; sourceTree = SDKROOT; };
		63C07FAB1373AB5700352C94 /* CoreText.framework */ = {isa = PBXFileReference; lastKnownFileType = wrapper.framework; name = CoreText.framework; path = System/Library/Frameworks/CoreText.framework; sourceTree = SDKROOT; };
		63C07FAC1373AB5700352C94 /* EventKit.framework */ = {isa = PBXFileReference; lastKnownFileType = wrapper.framework; name = EventKit.framework; path = System/Library/Frameworks/EventKit.framework; sourceTree = SDKROOT; };
		63C07FAD1373AB5700352C94 /* EventKitUI.framework */ = {isa = PBXFileReference; lastKnownFileType = wrapper.framework; name = EventKitUI.framework; path = System/Library/Frameworks/EventKitUI.framework; sourceTree = SDKROOT; };
		63C07FAE1373AB5700352C94 /* GameKit.framework */ = {isa = PBXFileReference; lastKnownFileType = wrapper.framework; name = GameKit.framework; path = System/Library/Frameworks/GameKit.framework; sourceTree = SDKROOT; };
		63C07FAF1373AB5700352C94 /* ImageIO.framework */ = {isa = PBXFileReference; lastKnownFileType = wrapper.framework; name = ImageIO.framework; path = System/Library/Frameworks/ImageIO.framework; sourceTree = SDKROOT; };
		63C07FB01373AB5700352C94 /* MapKit.framework */ = {isa = PBXFileReference; lastKnownFileType = wrapper.framework; name = MapKit.framework; path = System/Library/Frameworks/MapKit.framework; sourceTree = SDKROOT; };
		63C07FB11373AB5700352C94 /* MediaPlayer.framework */ = {isa = PBXFileReference; lastKnownFileType = wrapper.framework; name = MediaPlayer.framework; path = System/Library/Frameworks/MediaPlayer.framework; sourceTree = SDKROOT; };
		63C07FB21373AB5700352C94 /* MessageUI.framework */ = {isa = PBXFileReference; lastKnownFileType = wrapper.framework; name = MessageUI.framework; path = System/Library/Frameworks/MessageUI.framework; sourceTree = SDKROOT; };
		63C07FB31373AB5700352C94 /* MobileCoreServices.framework */ = {isa = PBXFileReference; lastKnownFileType = wrapper.framework; name = MobileCoreServices.framework; path = System/Library/Frameworks/MobileCoreServices.framework; sourceTree = SDKROOT; };
		63C07FB41373AB5700352C94 /* QuartzCore.framework */ = {isa = PBXFileReference; lastKnownFileType = wrapper.framework; name = QuartzCore.framework; path = System/Library/Frameworks/QuartzCore.framework; sourceTree = SDKROOT; };
		63C07FB51373AB5700352C94 /* QuickLook.framework */ = {isa = PBXFileReference; lastKnownFileType = wrapper.framework; name = QuickLook.framework; path = System/Library/Frameworks/QuickLook.framework; sourceTree = SDKROOT; };
		63C07FB61373AB5700352C94 /* StoreKit.framework */ = {isa = PBXFileReference; lastKnownFileType = wrapper.framework; name = StoreKit.framework; path = System/Library/Frameworks/StoreKit.framework; sourceTree = SDKROOT; };
		63C07FB71373AB5700352C94 /* SystemConfiguration.framework */ = {isa = PBXFileReference; lastKnownFileType = wrapper.framework; name = SystemConfiguration.framework; path = System/Library/Frameworks/SystemConfiguration.framework; sourceTree = SDKROOT; };
		63C07FB81373AB5700352C94 /* UIKit.framework */ = {isa = PBXFileReference; lastKnownFileType = wrapper.framework; name = UIKit.framework; path = System/Library/Frameworks/UIKit.framework; sourceTree = SDKROOT; };
		63C07FBB1373AB5700352C94 /* Library.xcconfig */ = {isa = PBXFileReference; lastKnownFileType = text.xcconfig; name = Library.xcconfig; path = Configurations/Library.xcconfig; sourceTree = "<group>"; };
		63C07FBC1373AB5700352C94 /* Project.xcconfig */ = {isa = PBXFileReference; lastKnownFileType = text.xcconfig; name = Project.xcconfig; path = Configurations/Project.xcconfig; sourceTree = "<group>"; };
		63C07FBD1373AB5700352C94 /* Debug.xcconfig */ = {isa = PBXFileReference; lastKnownFileType = text.xcconfig; name = Debug.xcconfig; path = Configurations/Debug.xcconfig; sourceTree = "<group>"; };
		63C07FBE1373AB5700352C94 /* Release.xcconfig */ = {isa = PBXFileReference; lastKnownFileType = text.xcconfig; name = Release.xcconfig; path = Configurations/Release.xcconfig; sourceTree = "<group>"; };
		63C07FBF1373AB5700352C94 /* UnitTests.xcconfig */ = {isa = PBXFileReference; lastKnownFileType = text.xcconfig; name = UnitTests.xcconfig; path = Configurations/UnitTests.xcconfig; sourceTree = "<group>"; };
		63C07FC01373AB5700352C94 /* Version.xcconfig */ = {isa = PBXFileReference; lastKnownFileType = text.xcconfig; name = Version.xcconfig; path = Configurations/Version.xcconfig; sourceTree = "<group>"; };
		63C07FC21373AB5700352C94 /* StuffKitObject.h */ = {isa = PBXFileReference; lastKnownFileType = sourcecode.c.h; name = StuffKitObject.h; path = Classes/StuffKitObject.h; sourceTree = "<group>"; };
		63C07FC41373AB5700352C94 /* StuffKitObject.m */ = {isa = PBXFileReference; lastKnownFileType = sourcecode.c.objc; name = StuffKitObject.m; path = Classes/StuffKitObject.m; sourceTree = "<group>"; };
		63C07FC71373AB5700352C94 /* StuffKit.h */ = {isa = PBXFileReference; lastKnownFileType = sourcecode.c.h; name = StuffKit.h; path = Project/StuffKit.h; sourceTree = "<group>"; };
		63C07FCA1373AB5700352C94 /* StuffKitLibrary.h */ = {isa = PBXFileReference; lastKnownFileType = sourcecode.c.h; name = StuffKitLibrary.h; path = Project/Library/StuffKitLibrary.h; sourceTree = "<group>"; };
		63C07FCC1373AB5700352C94 /* StuffKitLibrary.m */ = {isa = PBXFileReference; lastKnownFileType = sourcecode.c.objc; name = StuffKitLibrary.m; path = Project/Library/StuffKitLibrary.m; sourceTree = "<group>"; };
/* End PBXFileReference section */

/* Begin PBXFrameworksBuildPhase section */
		63C07F971373AB5700352C94 /* Frameworks */ = {
			isa = PBXFrameworksBuildPhase;
			buildActionMask = 2147483647;
			files = (
				63C07F9F1373AB5700352C94 /* Foundation.framework in Frameworks */,
			);
			runOnlyForDeploymentPostprocessing = 0;
		};
/* End PBXFrameworksBuildPhase section */

/* Begin PBXGroup section */
		63C07F8E1373AB5700352C94 = {
			isa = PBXGroup;
			children = (
				63C07F9C1373AB5700352C94 /* Products */,
				63C07F9D1373AB5700352C94 /* Frameworks */,
				63C07FB91373AB5700352C94 /* StuffKit */,
			);
			sourceTree = "<group>";
		};
		63C07F9C1373AB5700352C94 /* Products */ = {
			isa = PBXGroup;
			children = (
				63C07F9B1373AB5700352C94 /* libStuffKit.a */,
			);
			name = Products;
			sourceTree = "<group>";
		};
		63C07F9D1373AB5700352C94 /* Frameworks */ = {
			isa = PBXGroup;
			children = (
				63C07F9E1373AB5700352C94 /* Foundation.framework */,
				63C07FA01373AB5700352C94 /* Other Frameworks */,
			);
			name = Frameworks;
			sourceTree = "<group>";
		};
		63C07FA01373AB5700352C94 /* Other Frameworks */ = {
			isa = PBXGroup;
			children = (
				63C07FA11373AB5700352C94 /* AddressBook.framework */,
				63C07FA21373AB5700352C94 /* AddressBookUI.framework */,
				63C07FA31373AB5700352C94 /* AssetsLibrary.framework */,
				63C07FA41373AB5700352C94 /* AVFoundation.framework */,
				63C07FA51373AB5700352C94 /* CFNetwork.framework */,
				63C07FA61373AB5700352C94 /* CoreData.framework */,
				63C07FA71373AB5700352C94 /* CoreFoundation.framework */,
				63C07FA81373AB5700352C94 /* CoreGraphics.framework */,
				63C07FA91373AB5700352C94 /* CoreLocation.framework */,
				63C07FAA1373AB5700352C94 /* CoreMotion.framework */,
				63C07FAB1373AB5700352C94 /* CoreText.framework */,
				63C07FAC1373AB5700352C94 /* EventKit.framework */,
				63C07FAD1373AB5700352C94 /* EventKitUI.framework */,
				63C07FAE1373AB5700352C94 /* GameKit.framework */,
				63C07FAF1373AB5700352C94 /* ImageIO.framework */,
				63C07FB01373AB5700352C94 /* MapKit.framework */,
				63C07FB11373AB5700352C94 /* MediaPlayer.framework */,
				63C07FB21373AB5700352C94 /* MessageUI.framework */,
				63C07FB31373AB5700352C94 /* MobileCoreServices.framework */,
				63C07FB41373AB5700352C94 /* QuartzCore.framework */,
				63C07FB51373AB5700352C94 /* QuickLook.framework */,
				63C07FB61373AB5700352C94 /* StoreKit.framework */,
				63C07FB71373AB5700352C94 /* SystemConfiguration.framework */,
				63C07FB81373AB5700352C94 /* UIKit.framework */,
			);
			name = "Other Frameworks";
			sourceTree = "<group>";
		};
		63C07FB91373AB5700352C94 /* StuffKit */ = {
			isa = PBXGroup;
			children = (
				63C07FBA1373AB5700352C94 /* Configurations */,
				63C07FC11373AB5700352C94 /* Classes */,
				63C07FC61373AB5700352C94 /* Project */,
			);
			path = StuffKit;
			sourceTree = "<group>";
		};
		63C07FBA1373AB5700352C94 /* Configurations */ = {
			isa = PBXGroup;
			children = (
				63C07FBC1373AB5700352C94 /* Project.xcconfig */,
				63C07FBB1373AB5700352C94 /* Library.xcconfig */,
				63C07FBF1373AB5700352C94 /* UnitTests.xcconfig */,
				63C07FBD1373AB5700352C94 /* Debug.xcconfig */,
				63C07FBE1373AB5700352C94 /* Release.xcconfig */,
				63C07FC01373AB5700352C94 /* Version.xcconfig */,
			);
			name = Configurations;
			sourceTree = "<group>";
		};
		63C07FC11373AB5700352C94 /* Classes */ = {
			isa = PBXGroup;
			children = (
				63C07FC21373AB5700352C94 /* StuffKitObject.h */,
				63C07FC41373AB5700352C94 /* StuffKitObject.m */,
			);
			name = Classes;
			sourceTree = "<group>";
		};
		63C07FC61373AB5700352C94 /* Project */ = {
			isa = PBXGroup;
			children = (
				63C07FC71373AB5700352C94 /* StuffKit.h */,
				63C07FC91373AB5700352C94 /* Library */,
			);
			name = Project;
			sourceTree = "<group>";
		};
		63C07FC91373AB5700352C94 /* Library */ = {
			isa = PBXGroup;
			children = (
				63C07FCA1373AB5700352C94 /* StuffKitLibrary.h */,
				63C07FCC1373AB5700352C94 /* StuffKitLibrary.m */,
			);
			name = Library;
			sourceTree = "<group>";
		};
/* End PBXGroup section */

/* Begin PBXHeadersBuildPhase section */
		63C07F951373AB5700352C94 /* Headers */ = {
			isa = PBXHeadersBuildPhase;
			buildActionMask = 2147483647;
			files = (
				63C07FC31373AB5700352C94 /* StuffKitObject.h in Headers */,
				63C07FC81373AB5700352C94 /* StuffKit.h in Headers */,
				63C07FCB1373AB5700352C94 /* StuffKitLibrary.h in Headers */,
			);
			runOnlyForDeploymentPostprocessing = 0;
		};
/* End PBXHeadersBuildPhase section */

/* Begin PBXNativeTarget section */
		63C07F9A1373AB5700352C94 /* StuffKit */ = {
			isa = PBXNativeTarget;
			buildConfigurationList = 63C07FD01373AB5700352C94 /* Build configuration list for PBXNativeTarget "StuffKit" */;
			buildPhases = (
				63C07F951373AB5700352C94 /* Headers */,
				63C07F961373AB5700352C94 /* Sources */,
				63C07F971373AB5700352C94 /* Frameworks */,
				63C07F981373AB5700352C94 /* CopyFiles */,
				63C07F991373AB5700352C94 /* ShellScript */,
			);
			buildRules = (
			);
			dependencies = (
			);
			name = StuffKit;
			productName = StuffKit;
			productReference = 63C07F9B1373AB5700352C94 /* libStuffKit.a */;
			productType = "com.apple.product-type.library.static";
		};
/* End PBXNativeTarget section */

/* Begin PBXProject section */
		63C07F901373AB5700352C94 /* Project object */ = {
			isa = PBXProject;
			attributes = {
				ORGANIZATIONNAME = Semantap;
			};
			buildConfigurationList = 63C07F931373AB5700352C94 /* Build configuration list for PBXProject "StuffKit" */;
			compatibilityVersion = "Xcode 3.2";
			developmentRegion = English;
			hasScannedForEncodings = 0;
			knownRegions = (
				en,
			);
			mainGroup = 63C07F8E1373AB5700352C94;
			productRefGroup = 63C07F9C1373AB5700352C94 /* Products */;
			projectDirPath = "";
			projectRoot = "";
			targets = (
				63C07F9A1373AB5700352C94 /* StuffKit */,
			);
		};
/* End PBXProject section */

/* Begin PBXShellScriptBuildPhase section */
		63C07F991373AB5700352C94 /* ShellScript */ = {
			isa = PBXShellScriptBuildPhase;
			buildActionMask = 2147483647;
			files = (
			);
			inputPaths = (
			);
			outputPaths = (
			);
			runOnlyForDeploymentPostprocessing = 0;
			shellPath = /bin/tcsh;
			shellScript = "${SCRIPT_DEPLOY_LIBRARY}";
		};
/* End PBXShellScriptBuildPhase section */

/* Begin PBXSourcesBuildPhase section */
		63C07F961373AB5700352C94 /* Sources */ = {
			isa = PBXSourcesBuildPhase;
			buildActionMask = 2147483647;
			files = (
				63C07FC51373AB5700352C94 /* StuffKitObject.m in Sources */,
				63C07FCD1373AB5700352C94 /* StuffKitLibrary.m in Sources */,
			);
			runOnlyForDeploymentPostprocessing = 0;
		};
/* End PBXSourcesBuildPhase section */

/* Begin XCBuildConfiguration section */
		63C07FCE1373AB5700352C94 /* Debug */ = {
			isa = XCBuildConfiguration;
			baseConfigurationReference = 63C07FBC1373AB5700352C94 /* Project.xcconfig */;
			buildSettings = {
				SDKROOT = iphoneos;
			};
			name = Debug;
		};
		63C07FCF1373AB5700352C94 /* Release */ = {
			isa = XCBuildConfiguration;
			baseConfigurationReference = 63C07FBC1373AB5700352C94 /* Project.xcconfig */;
			buildSettings = {
				SDKROOT = iphoneos;
			};
			name = Release;
		};
		63C07FD11373AB5700352C94 /* Debug */ = {
			isa = XCBuildConfiguration;
			baseConfigurationReference = 63C07FBD1373AB5700352C94 /* Debug.xcconfig */;
			buildSettings = {
			};
			name = Debug;
		};
		63C07FD21373AB5700352C94 /* Release */ = {
			isa = XCBuildConfiguration;
			baseConfigurationReference = 63C07FBE1373AB5700352C94 /* Release.xcconfig */;
			buildSettings = {
			};
			name = Release;
		};
/* End XCBuildConfiguration section */

/* Begin XCConfigurationList section */
		63C07F931373AB5700352C94 /* Build configuration list for PBXProject "StuffKit" */ = {
			isa = XCConfigurationList;
			buildConfigurations = (
				63C07FCE1373AB5700352C94 /* Debug */,
				63C07FCF1373AB5700352C94 /* Release */,
			);
			defaultConfigurationIsVisible = 0;
			defaultConfigurationName = Release;
		};
		63C07FD01373AB5700352C94 /* Build configuration list for PBXNativeTarget "StuffKit" */ = {
			isa = XCConfigurationList;
			buildConfigurations = (
				63C07FD11373AB5700352C94 /* Debug */,
				63C07FD21373AB5700352C94 /* Release */,
			);
			defaultConfigurationIsVisible = 0;
			defaultConfigurationName = Release;
		};
/* End XCConfigurationList section */
	};
	rootObject = 63C07F901373AB5700352C94 /* Project object */;
}
