// !$*UTF8*$!
{
	archiveVersion = 1;
	classes = {
	};
	objectVersion = 46;
	objects = {

/* Begin PBXBuildFile section */
		6344DD7B14424DD900D3437C /* AdHoc.xcconfig in Resources */ = {isa = PBXBuildFile; fileRef = 6344DD7914424DD900D3437C /* AdHoc.xcconfig */; };
		6344DD7C14424DD900D3437C /* Distribution.xcconfig in Resources */ = {isa = PBXBuildFile; fileRef = 6344DD7A14424DD900D3437C /* Distribution.xcconfig */; };
		63C080B71373AEA100352C94 /* CoreData.framework in Frameworks */ = {isa = PBXBuildFile; fileRef = 63C080B61373AEA100352C94 /* CoreData.framework */; };
		63C080B91373AEA100352C94 /* CoreGraphics.framework in Frameworks */ = {isa = PBXBuildFile; fileRef = 63C080B81373AEA100352C94 /* CoreGraphics.framework */; };
		63C080BB1373AEA100352C94 /* Foundation.framework in Frameworks */ = {isa = PBXBuildFile; fileRef = 63C080BA1373AEA100352C94 /* Foundation.framework */; };
		63C080BD1373AEA100352C94 /* QuartzCore.framework in Frameworks */ = {isa = PBXBuildFile; fileRef = 63C080BC1373AEA100352C94 /* QuartzCore.framework */; };
		63C080BF1373AEA100352C94 /* UIKit.framework in Frameworks */ = {isa = PBXBuildFile; fileRef = 63C080BE1373AEA100352C94 /* UIKit.framework */; };
		63C080E01373AEA100352C94 /* StuffApplicationDelegate.m in Sources */ = {isa = PBXBuildFile; fileRef = 63C080DF1373AEA100352C94 /* StuffApplicationDelegate.m */; };
		63C080E31373AEA100352C94 /* StuffUserDefaults.m in Sources */ = {isa = PBXBuildFile; fileRef = 63C080E21373AEA100352C94 /* StuffUserDefaults.m */; };
		63C080E71373AEA100352C94 /* StuffMasterViewController.m in Sources */ = {isa = PBXBuildFile; fileRef = 63C080E61373AEA100352C94 /* StuffMasterViewController.m */; };
		63C080EA1373AEA100352C94 /* StuffDetailViewController.m in Sources */ = {isa = PBXBuildFile; fileRef = 63C080E91373AEA100352C94 /* StuffDetailViewController.m */; };
		63C080EE1373AEA100352C94 /* main.m in Sources */ = {isa = PBXBuildFile; fileRef = 63C080ED1373AEA100352C94 /* main.m */; };
		63C080F31373AEA100352C94 /* Icon-72.png in Resources */ = {isa = PBXBuildFile; fileRef = 63C080F21373AEA100352C94 /* Icon-72.png */; };
		63C080F51373AEA100352C94 /* Icon-Small-50.png in Resources */ = {isa = PBXBuildFile; fileRef = 63C080F41373AEA100352C94 /* Icon-Small-50.png */; };
		63C080F71373AEA100352C94 /* Icon-Small.png in Resources */ = {isa = PBXBuildFile; fileRef = 63C080F61373AEA100352C94 /* Icon-Small.png */; };
		63C080F91373AEA100352C94 /* Icon-Small@2x.png in Resources */ = {isa = PBXBuildFile; fileRef = 63C080F81373AEA100352C94 /* Icon-Small@2x.png */; };
		63C080FB1373AEA100352C94 /* Icon.png in Resources */ = {isa = PBXBuildFile; fileRef = 63C080FA1373AEA100352C94 /* Icon.png */; };
		63C080FD1373AEA100352C94 /* Icon@2x.png in Resources */ = {isa = PBXBuildFile; fileRef = 63C080FC1373AEA100352C94 /* Icon@2x.png */; };
		63C080FF1373AEA100352C94 /* iTunesArtwork in Resources */ = {isa = PBXBuildFile; fileRef = 63C080FE1373AEA100352C94 /* iTunesArtwork */; };
		63C081021373AEA100352C94 /* Default~iphone.png in Resources */ = {isa = PBXBuildFile; fileRef = 63C081011373AEA100352C94 /* Default~iphone.png */; };
		63C081041373AEA100352C94 /* Default@2x~iphone.png in Resources */ = {isa = PBXBuildFile; fileRef = 63C081031373AEA100352C94 /* Default@2x~iphone.png */; };
		63C081081373AEA100352C94 /* UserDefaults.plist in Resources */ = {isa = PBXBuildFile; fileRef = 63C081071373AEA100352C94 /* UserDefaults.plist */; };
/* End PBXBuildFile section */

/* Begin PBXFileReference section */
		6344DD7914424DD900D3437C /* AdHoc.xcconfig */ = {isa = PBXFileReference; fileEncoding = 4; lastKnownFileType = text.xcconfig; name = AdHoc.xcconfig; path = Configurations/AdHoc.xcconfig; sourceTree = "<group>"; };
		6344DD7A14424DD900D3437C /* Distribution.xcconfig */ = {isa = PBXFileReference; fileEncoding = 4; lastKnownFileType = text.xcconfig; name = Distribution.xcconfig; path = Configurations/Distribution.xcconfig; sourceTree = "<group>"; };
		63C080B21373AEA100352C94 /* Stuff.app */ = {isa = PBXFileReference; explicitFileType = wrapper.application; includeInIndex = 0; path = Stuff.app; sourceTree = BUILT_PRODUCTS_DIR; };
		63C080B61373AEA100352C94 /* CoreData.framework */ = {isa = PBXFileReference; lastKnownFileType = wrapper.framework; name = CoreData.framework; path = System/Library/Frameworks/CoreData.framework; sourceTree = SDKROOT; };
		63C080B81373AEA100352C94 /* CoreGraphics.framework */ = {isa = PBXFileReference; lastKnownFileType = wrapper.framework; name = CoreGraphics.framework; path = System/Library/Frameworks/CoreGraphics.framework; sourceTree = SDKROOT; };
		63C080BA1373AEA100352C94 /* Foundation.framework */ = {isa = PBXFileReference; lastKnownFileType = wrapper.framework; name = Foundation.framework; path = System/Library/Frameworks/Foundation.framework; sourceTree = SDKROOT; };
		63C080BC1373AEA100352C94 /* QuartzCore.framework */ = {isa = PBXFileReference; lastKnownFileType = wrapper.framework; name = QuartzCore.framework; path = System/Library/Frameworks/QuartzCore.framework; sourceTree = SDKROOT; };
		63C080BE1373AEA100352C94 /* UIKit.framework */ = {isa = PBXFileReference; lastKnownFileType = wrapper.framework; name = UIKit.framework; path = System/Library/Frameworks/UIKit.framework; sourceTree = SDKROOT; };
		63C080C11373AEA100352C94 /* AddressBook.framework */ = {isa = PBXFileReference; lastKnownFileType = wrapper.framework; name = AddressBook.framework; path = System/Library/Frameworks/AddressBook.framework; sourceTree = SDKROOT; };
		63C080C21373AEA100352C94 /* AddressBookUI.framework */ = {isa = PBXFileReference; lastKnownFileType = wrapper.framework; name = AddressBookUI.framework; path = System/Library/Frameworks/AddressBookUI.framework; sourceTree = SDKROOT; };
		63C080C31373AEA100352C94 /* AssetsLibrary.framework */ = {isa = PBXFileReference; lastKnownFileType = wrapper.framework; name = AssetsLibrary.framework; path = System/Library/Frameworks/AssetsLibrary.framework; sourceTree = SDKROOT; };
		63C080C41373AEA100352C94 /* AVFoundation.framework */ = {isa = PBXFileReference; lastKnownFileType = wrapper.framework; name = AVFoundation.framework; path = System/Library/Frameworks/AVFoundation.framework; sourceTree = SDKROOT; };
		63C080C51373AEA100352C94 /* CFNetwork.framework */ = {isa = PBXFileReference; lastKnownFileType = wrapper.framework; name = CFNetwork.framework; path = System/Library/Frameworks/CFNetwork.framework; sourceTree = SDKROOT; };
		63C080C61373AEA100352C94 /* CoreFoundation.framework */ = {isa = PBXFileReference; lastKnownFileType = wrapper.framework; name = CoreFoundation.framework; path = System/Library/Frameworks/CoreFoundation.framework; sourceTree = SDKROOT; };
		63C080C71373AEA100352C94 /* CoreLocation.framework */ = {isa = PBXFileReference; lastKnownFileType = wrapper.framework; name = CoreLocation.framework; path = System/Library/Frameworks/CoreLocation.framework; sourceTree = SDKROOT; };
		63C080C81373AEA100352C94 /* CoreMotion.framework */ = {isa = PBXFileReference; lastKnownFileType = wrapper.framework; name = CoreMotion.framework; path = System/Library/Frameworks/CoreMotion.framework; sourceTree = SDKROOT; };
		63C080C91373AEA100352C94 /* CoreText.framework */ = {isa = PBXFileReference; lastKnownFileType = wrapper.framework; name = CoreText.framework; path = System/Library/Frameworks/CoreText.framework; sourceTree = SDKROOT; };
		63C080CA1373AEA100352C94 /* EventKit.framework */ = {isa = PBXFileReference; lastKnownFileType = wrapper.framework; name = EventKit.framework; path = System/Library/Frameworks/EventKit.framework; sourceTree = SDKROOT; };
		63C080CB1373AEA100352C94 /* EventKitUI.framework */ = {isa = PBXFileReference; lastKnownFileType = wrapper.framework; name = EventKitUI.framework; path = System/Library/Frameworks/EventKitUI.framework; sourceTree = SDKROOT; };
		63C080CC1373AEA100352C94 /* GameKit.framework */ = {isa = PBXFileReference; lastKnownFileType = wrapper.framework; name = GameKit.framework; path = System/Library/Frameworks/GameKit.framework; sourceTree = SDKROOT; };
		63C080CD1373AEA100352C94 /* ImageIO.framework */ = {isa = PBXFileReference; lastKnownFileType = wrapper.framework; name = ImageIO.framework; path = System/Library/Frameworks/ImageIO.framework; sourceTree = SDKROOT; };
		63C080CE1373AEA100352C94 /* MapKit.framework */ = {isa = PBXFileReference; lastKnownFileType = wrapper.framework; name = MapKit.framework; path = System/Library/Frameworks/MapKit.framework; sourceTree = SDKROOT; };
		63C080CF1373AEA100352C94 /* MediaPlayer.framework */ = {isa = PBXFileReference; lastKnownFileType = wrapper.framework; name = MediaPlayer.framework; path = System/Library/Frameworks/MediaPlayer.framework; sourceTree = SDKROOT; };
		63C080D01373AEA100352C94 /* MessageUI.framework */ = {isa = PBXFileReference; lastKnownFileType = wrapper.framework; name = MessageUI.framework; path = System/Library/Frameworks/MessageUI.framework; sourceTree = SDKROOT; };
		63C080D11373AEA100352C94 /* MobileCoreServices.framework */ = {isa = PBXFileReference; lastKnownFileType = wrapper.framework; name = MobileCoreServices.framework; path = System/Library/Frameworks/MobileCoreServices.framework; sourceTree = SDKROOT; };
		63C080D21373AEA100352C94 /* QuickLook.framework */ = {isa = PBXFileReference; lastKnownFileType = wrapper.framework; name = QuickLook.framework; path = System/Library/Frameworks/QuickLook.framework; sourceTree = SDKROOT; };
		63C080D31373AEA100352C94 /* StoreKit.framework */ = {isa = PBXFileReference; lastKnownFileType = wrapper.framework; name = StoreKit.framework; path = System/Library/Frameworks/StoreKit.framework; sourceTree = SDKROOT; };
		63C080D41373AEA100352C94 /* SystemConfiguration.framework */ = {isa = PBXFileReference; lastKnownFileType = wrapper.framework; name = SystemConfiguration.framework; path = System/Library/Frameworks/SystemConfiguration.framework; sourceTree = SDKROOT; };
		63C080D71373AEA100352C94 /* Application.xcconfig */ = {isa = PBXFileReference; lastKnownFileType = text.xcconfig; name = Application.xcconfig; path = Configurations/Application.xcconfig; sourceTree = "<group>"; };
		63C080D81373AEA100352C94 /* Project.xcconfig */ = {isa = PBXFileReference; lastKnownFileType = text.xcconfig; name = Project.xcconfig; path = Configurations/Project.xcconfig; sourceTree = "<group>"; };
		63C080D91373AEA100352C94 /* Debug.xcconfig */ = {isa = PBXFileReference; lastKnownFileType = text.xcconfig; name = Debug.xcconfig; path = Configurations/Debug.xcconfig; sourceTree = "<group>"; };
		63C080DA1373AEA100352C94 /* Release.xcconfig */ = {isa = PBXFileReference; lastKnownFileType = text.xcconfig; name = Release.xcconfig; path = Configurations/Release.xcconfig; sourceTree = "<group>"; };
		63C080DB1373AEA100352C94 /* Version.xcconfig */ = {isa = PBXFileReference; lastKnownFileType = text.xcconfig; name = Version.xcconfig; path = Configurations/Version.xcconfig; sourceTree = "<group>"; };
		63C080DE1373AEA100352C94 /* StuffApplicationDelegate.h */ = {isa = PBXFileReference; lastKnownFileType = sourcecode.c.h; name = StuffApplicationDelegate.h; path = Classes/ApplicationDelegate/StuffApplicationDelegate.h; sourceTree = "<group>"; };
		63C080DF1373AEA100352C94 /* StuffApplicationDelegate.m */ = {isa = PBXFileReference; lastKnownFileType = sourcecode.c.objc; name = StuffApplicationDelegate.m; path = Classes/ApplicationDelegate/StuffApplicationDelegate.m; sourceTree = "<group>"; };
		63C080E11373AEA100352C94 /* StuffUserDefaults.h */ = {isa = PBXFileReference; lastKnownFileType = sourcecode.c.h; name = StuffUserDefaults.h; path = Classes/ApplicationDelegate/StuffUserDefaults.h; sourceTree = "<group>"; };
		63C080E21373AEA100352C94 /* StuffUserDefaults.m */ = {isa = PBXFileReference; lastKnownFileType = sourcecode.c.objc; name = StuffUserDefaults.m; path = Classes/ApplicationDelegate/StuffUserDefaults.m; sourceTree = "<group>"; };
		63C080E51373AEA100352C94 /* StuffMasterViewController.h */ = {isa = PBXFileReference; lastKnownFileType = sourcecode.c.h; name = StuffMasterViewController.h; path = Classes/Controllers/StuffMasterViewController.h; sourceTree = "<group>"; };
		63C080E61373AEA100352C94 /* StuffMasterViewController.m */ = {isa = PBXFileReference; lastKnownFileType = sourcecode.c.objc; name = StuffMasterViewController.m; path = Classes/Controllers/StuffMasterViewController.m; sourceTree = "<group>"; };
		63C080E81373AEA100352C94 /* StuffDetailViewController.h */ = {isa = PBXFileReference; lastKnownFileType = sourcecode.c.h; name = StuffDetailViewController.h; path = Classes/Controllers/StuffDetailViewController.h; sourceTree = "<group>"; };
		63C080E91373AEA100352C94 /* StuffDetailViewController.m */ = {isa = PBXFileReference; lastKnownFileType = sourcecode.c.objc; name = StuffDetailViewController.m; path = Classes/Controllers/StuffDetailViewController.m; sourceTree = "<group>"; };
		63C080EC1373AEA100352C94 /* Stuff.pch */ = {isa = PBXFileReference; lastKnownFileType = sourcecode.c.h; name = Stuff.pch; path = Project/Stuff.pch; sourceTree = "<group>"; };
		63C080ED1373AEA100352C94 /* main.m */ = {isa = PBXFileReference; lastKnownFileType = sourcecode.c.objc; name = main.m; path = Project/main.m; sourceTree = "<group>"; };
		63C080F21373AEA100352C94 /* Icon-72.png */ = {isa = PBXFileReference; lastKnownFileType = image.png; name = "Icon-72.png"; path = "Resources/Media/Icon/Icon-72.png"; sourceTree = "<group>"; };
		63C080F41373AEA100352C94 /* Icon-Small-50.png */ = {isa = PBXFileReference; lastKnownFileType = image.png; name = "Icon-Small-50.png"; path = "Resources/Media/Icon/Icon-Small-50.png"; sourceTree = "<group>"; };
		63C080F61373AEA100352C94 /* Icon-Small.png */ = {isa = PBXFileReference; lastKnownFileType = image.png; name = "Icon-Small.png"; path = "Resources/Media/Icon/Icon-Small.png"; sourceTree = "<group>"; };
		63C080F81373AEA100352C94 /* Icon-Small@2x.png */ = {isa = PBXFileReference; lastKnownFileType = image.png; name = "Icon-Small@2x.png"; path = "Resources/Media/Icon/Icon-Small@2x.png"; sourceTree = "<group>"; };
		63C080FA1373AEA100352C94 /* Icon.png */ = {isa = PBXFileReference; lastKnownFileType = image.png; name = Icon.png; path = Resources/Media/Icon/Icon.png; sourceTree = "<group>"; };
		63C080FC1373AEA100352C94 /* Icon@2x.png */ = {isa = PBXFileReference; lastKnownFileType = image.png; name = "Icon@2x.png"; path = "Resources/Media/Icon/Icon@2x.png"; sourceTree = "<group>"; };
		63C080FE1373AEA100352C94 /* iTunesArtwork */ = {isa = PBXFileReference; lastKnownFileType = file; name = iTunesArtwork; path = Resources/Media/Icon/iTunesArtwork; sourceTree = "<group>"; };
		63C081011373AEA100352C94 /* Default~iphone.png */ = {isa = PBXFileReference; lastKnownFileType = image.png; name = "Default~iphone.png"; path = "Resources/Media/Launch/Default~iphone.png"; sourceTree = "<group>"; };
		63C081031373AEA100352C94 /* Default@2x~iphone.png */ = {isa = PBXFileReference; lastKnownFileType = image.png; name = "Default@2x~iphone.png"; path = "Resources/Media/Launch/Default@2x~iphone.png"; sourceTree = "<group>"; };
		63C081061373AEA100352C94 /* Info.plist */ = {isa = PBXFileReference; lastKnownFileType = text.plist.xml; name = Info.plist; path = Resources/PropertyLists/Info.plist; sourceTree = "<group>"; };
		63C081071373AEA100352C94 /* UserDefaults.plist */ = {isa = PBXFileReference; lastKnownFileType = text.plist.xml; name = UserDefaults.plist; path = Resources/PropertyLists/UserDefaults.plist; sourceTree = "<group>"; };
/* End PBXFileReference section */

/* Begin PBXFrameworksBuildPhase section */
		63C080AE1373AEA100352C94 /* Frameworks */ = {
			isa = PBXFrameworksBuildPhase;
			buildActionMask = 2147483647;
			files = (
				63C080B71373AEA100352C94 /* CoreData.framework in Frameworks */,
				63C080B91373AEA100352C94 /* CoreGraphics.framework in Frameworks */,
				63C080BB1373AEA100352C94 /* Foundation.framework in Frameworks */,
				63C080BD1373AEA100352C94 /* QuartzCore.framework in Frameworks */,
				63C080BF1373AEA100352C94 /* UIKit.framework in Frameworks */,
			);
			runOnlyForDeploymentPostprocessing = 0;
		};
/* End PBXFrameworksBuildPhase section */

/* Begin PBXGroup section */
		63C080A61373AEA100352C94 = {
			isa = PBXGroup;
			children = (
				63C080B31373AEA100352C94 /* Products */,
				63C080B51373AEA100352C94 /* Frameworks */,
				63C080D51373AEA100352C94 /* Stuff */,
			);
			sourceTree = "<group>";
		};
		63C080B31373AEA100352C94 /* Products */ = {
			isa = PBXGroup;
			children = (
				63C080B21373AEA100352C94 /* Stuff.app */,
			);
			name = Products;
			sourceTree = "<group>";
		};
		63C080B51373AEA100352C94 /* Frameworks */ = {
			isa = PBXGroup;
			children = (
				63C080B61373AEA100352C94 /* CoreData.framework */,
				63C080B81373AEA100352C94 /* CoreGraphics.framework */,
				63C080BA1373AEA100352C94 /* Foundation.framework */,
				63C080BC1373AEA100352C94 /* QuartzCore.framework */,
				63C080BE1373AEA100352C94 /* UIKit.framework */,
				63C080C01373AEA100352C94 /* Other Frameworks */,
			);
			name = Frameworks;
			sourceTree = "<group>";
		};
		63C080C01373AEA100352C94 /* Other Frameworks */ = {
			isa = PBXGroup;
			children = (
				63C080C11373AEA100352C94 /* AddressBook.framework */,
				63C080C21373AEA100352C94 /* AddressBookUI.framework */,
				63C080C31373AEA100352C94 /* AssetsLibrary.framework */,
				63C080C41373AEA100352C94 /* AVFoundation.framework */,
				63C080C51373AEA100352C94 /* CFNetwork.framework */,
				63C080C61373AEA100352C94 /* CoreFoundation.framework */,
				63C080C71373AEA100352C94 /* CoreLocation.framework */,
				63C080C81373AEA100352C94 /* CoreMotion.framework */,
				63C080C91373AEA100352C94 /* CoreText.framework */,
				63C080CA1373AEA100352C94 /* EventKit.framework */,
				63C080CB1373AEA100352C94 /* EventKitUI.framework */,
				63C080CC1373AEA100352C94 /* GameKit.framework */,
				63C080CD1373AEA100352C94 /* ImageIO.framework */,
				63C080CE1373AEA100352C94 /* MapKit.framework */,
				63C080CF1373AEA100352C94 /* MediaPlayer.framework */,
				63C080D01373AEA100352C94 /* MessageUI.framework */,
				63C080D11373AEA100352C94 /* MobileCoreServices.framework */,
				63C080D21373AEA100352C94 /* QuickLook.framework */,
				63C080D31373AEA100352C94 /* StoreKit.framework */,
				63C080D41373AEA100352C94 /* SystemConfiguration.framework */,
			);
			name = "Other Frameworks";
			sourceTree = "<group>";
		};
		63C080D51373AEA100352C94 /* Stuff */ = {
			isa = PBXGroup;
			children = (
				63C080D61373AEA100352C94 /* Configurations */,
				63C080EB1373AEA100352C94 /* Project */,
				63C080EF1373AEA100352C94 /* Resources */,
				63C080DC1373AEA100352C94 /* Classes */,
			);
			path = Stuff;
			sourceTree = "<group>";
		};
		63C080D61373AEA100352C94 /* Configurations */ = {
			isa = PBXGroup;
			children = (
				63C080D81373AEA100352C94 /* Project.xcconfig */,
				63C080DB1373AEA100352C94 /* Version.xcconfig */,
				63C080D71373AEA100352C94 /* Application.xcconfig */,
				63C080D91373AEA100352C94 /* Debug.xcconfig */,
				63C080DA1373AEA100352C94 /* Release.xcconfig */,
				6344DD7914424DD900D3437C /* AdHoc.xcconfig */,
				6344DD7A14424DD900D3437C /* Distribution.xcconfig */,
			);
			name = Configurations;
			sourceTree = "<group>";
		};
		63C080DC1373AEA100352C94 /* Classes */ = {
			isa = PBXGroup;
			children = (
				63C080DD1373AEA100352C94 /* ApplicationDelegate */,
				63C080E41373AEA100352C94 /* Controllers */,
			);
			name = Classes;
			sourceTree = "<group>";
		};
		63C080DD1373AEA100352C94 /* ApplicationDelegate */ = {
			isa = PBXGroup;
			children = (
				63C080DE1373AEA100352C94 /* StuffApplicationDelegate.h */,
				63C080E11373AEA100352C94 /* StuffUserDefaults.h */,
				63C080DF1373AEA100352C94 /* StuffApplicationDelegate.m */,
				63C080E21373AEA100352C94 /* StuffUserDefaults.m */,
			);
			name = ApplicationDelegate;
			sourceTree = "<group>";
		};
		63C080E41373AEA100352C94 /* Controllers */ = {
			isa = PBXGroup;
			children = (
				63C080E81373AEA100352C94 /* StuffDetailViewController.h */,
				63C080E51373AEA100352C94 /* StuffMasterViewController.h */,
				63C080E91373AEA100352C94 /* StuffDetailViewController.m */,
				63C080E61373AEA100352C94 /* StuffMasterViewController.m */,
			);
			name = Controllers;
			sourceTree = "<group>";
		};
		63C080EB1373AEA100352C94 /* Project */ = {
			isa = PBXGroup;
			children = (
				63C080EC1373AEA100352C94 /* Stuff.pch */,
				63C080ED1373AEA100352C94 /* main.m */,
			);
			name = Project;
			sourceTree = "<group>";
		};
		63C080EF1373AEA100352C94 /* Resources */ = {
			isa = PBXGroup;
			children = (
				63C080F01373AEA100352C94 /* Media */,
				63C081051373AEA100352C94 /* PropertyLists */,
			);
			name = Resources;
			sourceTree = "<group>";
		};
		63C080F01373AEA100352C94 /* Media */ = {
			isa = PBXGroup;
			children = (
				63C080F11373AEA100352C94 /* Icon */,
				63C081001373AEA100352C94 /* Launch */,
			);
			name = Media;
			sourceTree = "<group>";
		};
		63C080F11373AEA100352C94 /* Icon */ = {
			isa = PBXGroup;
			children = (
				63C080F21373AEA100352C94 /* Icon-72.png */,
				63C080F41373AEA100352C94 /* Icon-Small-50.png */,
				63C080F61373AEA100352C94 /* Icon-Small.png */,
				63C080F81373AEA100352C94 /* Icon-Small@2x.png */,
				63C080FA1373AEA100352C94 /* Icon.png */,
				63C080FC1373AEA100352C94 /* Icon@2x.png */,
				63C080FE1373AEA100352C94 /* iTunesArtwork */,
			);
			name = Icon;
			sourceTree = "<group>";
		};
		63C081001373AEA100352C94 /* Launch */ = {
			isa = PBXGroup;
			children = (
				63C081011373AEA100352C94 /* Default~iphone.png */,
				63C081031373AEA100352C94 /* Default@2x~iphone.png */,
			);
			name = Launch;
			sourceTree = "<group>";
		};
		63C081051373AEA100352C94 /* PropertyLists */ = {
			isa = PBXGroup;
			children = (
				63C081061373AEA100352C94 /* Info.plist */,
				63C081071373AEA100352C94 /* UserDefaults.plist */,
			);
			name = PropertyLists;
			sourceTree = "<group>";
		};
/* End PBXGroup section */

/* Begin PBXNativeTarget section */
		63C080B11373AEA100352C94 /* Stuff */ = {
			isa = PBXNativeTarget;
			buildConfigurationList = 63C0810B1373AEA100352C94 /* Build configuration list for PBXNativeTarget "Stuff" */;
			buildPhases = (
				63C080AD1373AEA100352C94 /* Sources */,
				63C080AE1373AEA100352C94 /* Frameworks */,
				63C080AF1373AEA100352C94 /* Resources */,
				63C080B01373AEA100352C94 /* ShellScript */,
			);
			buildRules = (
			);
			dependencies = (
			);
			name = Stuff;
			productName = Stuff;
			productReference = 63C080B21373AEA100352C94 /* Stuff.app */;
			productType = "com.apple.product-type.application";
		};
/* End PBXNativeTarget section */

/* Begin PBXProject section */
		63C080A81373AEA100352C94 /* Project object */ = {
			isa = PBXProject;
			attributes = {
				ORGANIZATIONNAME = Semantap;
			};
			buildConfigurationList = 63C080AB1373AEA100352C94 /* Build configuration list for PBXProject "Stuff" */;
			compatibilityVersion = "Xcode 3.2";
			developmentRegion = English;
			hasScannedForEncodings = 0;
			knownRegions = (
				en,
			);
			mainGroup = 63C080A61373AEA100352C94;
			productRefGroup = 63C080B31373AEA100352C94 /* Products */;
			projectDirPath = "";
			projectRoot = "";
			targets = (
				63C080B11373AEA100352C94 /* Stuff */,
			);
		};
/* End PBXProject section */

/* Begin PBXResourcesBuildPhase section */
		63C080AF1373AEA100352C94 /* Resources */ = {
			isa = PBXResourcesBuildPhase;
			buildActionMask = 2147483647;
			files = (
				63C080F31373AEA100352C94 /* Icon-72.png in Resources */,
				63C080F51373AEA100352C94 /* Icon-Small-50.png in Resources */,
				63C080F71373AEA100352C94 /* Icon-Small.png in Resources */,
				63C080F91373AEA100352C94 /* Icon-Small@2x.png in Resources */,
				63C080FB1373AEA100352C94 /* Icon.png in Resources */,
				63C080FD1373AEA100352C94 /* Icon@2x.png in Resources */,
				63C080FF1373AEA100352C94 /* iTunesArtwork in Resources */,
				63C081021373AEA100352C94 /* Default~iphone.png in Resources */,
				63C081041373AEA100352C94 /* Default@2x~iphone.png in Resources */,
				63C081081373AEA100352C94 /* UserDefaults.plist in Resources */,
				6344DD7B14424DD900D3437C /* AdHoc.xcconfig in Resources */,
				6344DD7C14424DD900D3437C /* Distribution.xcconfig in Resources */,
			);
			runOnlyForDeploymentPostprocessing = 0;
		};
/* End PBXResourcesBuildPhase section */

/* Begin PBXShellScriptBuildPhase section */
		63C080B01373AEA100352C94 /* ShellScript */ = {
			isa = PBXShellScriptBuildPhase;
			buildActionMask = 2147483647;
			files = (
			);
			inputPaths = (
			);
			outputPaths = (
			);
			runOnlyForDeploymentPostprocessing = 0;
			shellPath = /bin/tcsh;
			shellScript = "#${SCRIPT_COPY_RESOURCE_BUNDLE} ${MYLIBRARYKIT_RESOURCE_BUNDLE_NAME}";
		};
/* End PBXShellScriptBuildPhase section */

/* Begin PBXSourcesBuildPhase section */
		63C080AD1373AEA100352C94 /* Sources */ = {
			isa = PBXSourcesBuildPhase;
			buildActionMask = 2147483647;
			files = (
				63C080E01373AEA100352C94 /* StuffApplicationDelegate.m in Sources */,
				63C080E31373AEA100352C94 /* StuffUserDefaults.m in Sources */,
				63C080E71373AEA100352C94 /* StuffMasterViewController.m in Sources */,
				63C080EA1373AEA100352C94 /* StuffDetailViewController.m in Sources */,
				63C080EE1373AEA100352C94 /* main.m in Sources */,
			);
			runOnlyForDeploymentPostprocessing = 0;
		};
/* End PBXSourcesBuildPhase section */

/* Begin XCBuildConfiguration section */
		6344DD7F14424E4300D3437C /* AdHoc */ = {
			isa = XCBuildConfiguration;
			baseConfigurationReference = 63C080D81373AEA100352C94 /* Project.xcconfig */;
			buildSettings = {
				SDKROOT = iphoneos;
			};
			name = AdHoc;
		};
		6344DD8014424E4300D3437C /* AdHoc */ = {
			isa = XCBuildConfiguration;
			baseConfigurationReference = 6344DD7914424DD900D3437C /* AdHoc.xcconfig */;
			buildSettings = {
			};
			name = AdHoc;
		};
		6344DD8114424E4C00D3437C /* Distribution */ = {
			isa = XCBuildConfiguration;
			baseConfigurationReference = 63C080D81373AEA100352C94 /* Project.xcconfig */;
			buildSettings = {
				SDKROOT = iphoneos;
			};
			name = Distribution;
		};
		6344DD8214424E4C00D3437C /* Distribution */ = {
			isa = XCBuildConfiguration;
			baseConfigurationReference = 6344DD7A14424DD900D3437C /* Distribution.xcconfig */;
			buildSettings = {
			};
			name = Distribution;
		};
		63C081091373AEA100352C94 /* Debug */ = {
			isa = XCBuildConfiguration;
			baseConfigurationReference = 63C080D81373AEA100352C94 /* Project.xcconfig */;
			buildSettings = {
				SDKROOT = iphoneos;
			};
			name = Debug;
		};
		63C0810A1373AEA100352C94 /* Release */ = {
			isa = XCBuildConfiguration;
			baseConfigurationReference = 63C080D81373AEA100352C94 /* Project.xcconfig */;
			buildSettings = {
				SDKROOT = iphoneos;
			};
			name = Release;
		};
		63C0810C1373AEA100352C94 /* Debug */ = {
			isa = XCBuildConfiguration;
			baseConfigurationReference = 63C080D91373AEA100352C94 /* Debug.xcconfig */;
			buildSettings = {
			};
			name = Debug;
		};
		63C0810D1373AEA100352C94 /* Release */ = {
			isa = XCBuildConfiguration;
			baseConfigurationReference = 63C080DA1373AEA100352C94 /* Release.xcconfig */;
			buildSettings = {
			};
			name = Release;
		};
/* End XCBuildConfiguration section */

/* Begin XCConfigurationList section */
		63C080AB1373AEA100352C94 /* Build configuration list for PBXProject "Stuff" */ = {
			isa = XCConfigurationList;
			buildConfigurations = (
				63C081091373AEA100352C94 /* Debug */,
				63C0810A1373AEA100352C94 /* Release */,
				6344DD7F14424E4300D3437C /* AdHoc */,
				6344DD8114424E4C00D3437C /* Distribution */,
			);
			defaultConfigurationIsVisible = 0;
			defaultConfigurationName = Release;
		};
		63C0810B1373AEA100352C94 /* Build configuration list for PBXNativeTarget "Stuff" */ = {
			isa = XCConfigurationList;
			buildConfigurations = (
				63C0810C1373AEA100352C94 /* Debug */,
				63C0810D1373AEA100352C94 /* Release */,
				6344DD8014424E4300D3437C /* AdHoc */,
				6344DD8214424E4C00D3437C /* Distribution */,
			);
			defaultConfigurationIsVisible = 0;
			defaultConfigurationName = Release;
		};
/* End XCConfigurationList section */
	};
	rootObject = 63C080A81373AEA100352C94 /* Project object */;
}
