// !$*UTF8*$!
{
	archiveVersion = 1;
	classes = {
	};
	objectVersion = 46;
	objects = {

/* Begin PBXBuildFile section */
		63C080721373AE4800352C94 /* Foundation.framework in Frameworks */ = {isa = PBXBuildFile; fileRef = 63C080711373AE4800352C94 /* Foundation.framework */; };
		63C0809B1373AE4800352C94 /* ThingKit.h in Headers */ = {isa = PBXBuildFile; fileRef = 63C0809A1373AE4800352C94 /* ThingKit.h */; };
		63C0809E1373AE4800352C94 /* ThingKitLibrary.h in Headers */ = {isa = PBXBuildFile; fileRef = 63C0809D1373AE4800352C94 /* ThingKitLibrary.h */; };
		63C080A01373AE4800352C94 /* ThingKitLibrary.m in Sources */ = {isa = PBXBuildFile; fileRef = 63C0809F1373AE4800352C94 /* ThingKitLibrary.m */; };
		63C0811E1373B8B700352C94 /* THGItem.h in Headers */ = {isa = PBXBuildFile; fileRef = 63C0811A1373B8B700352C94 /* THGItem.h */; settings = {ATTRIBUTES = (Public, ); }; };
		63C0811F1373B8B700352C94 /* THGItem.m in Sources */ = {isa = PBXBuildFile; fileRef = 63C0811B1373B8B700352C94 /* THGItem.m */; };
		63C081201373B8B700352C94 /* THGItem+Private.h in Headers */ = {isa = PBXBuildFile; fileRef = 63C0811C1373B8B700352C94 /* THGItem+Private.h */; settings = {ATTRIBUTES = (Private, ); }; };
		63C081211373B8B700352C94 /* THGItem+Private.m in Sources */ = {isa = PBXBuildFile; fileRef = 63C0811D1373B8B700352C94 /* THGItem+Private.m */; };
/* End PBXBuildFile section */

/* Begin PBXCopyFilesBuildPhase section */
		63C0806B1373AE4800352C94 /* CopyFiles */ = {
			isa = PBXCopyFilesBuildPhase;
			buildActionMask = 2147483647;
			dstPath = "$(BUILD_SHARED_BUNDLES_PATH)";
			dstSubfolderSpec = 0;
			files = (
			);
			runOnlyForDeploymentPostprocessing = 0;
		};
/* End PBXCopyFilesBuildPhase section */

/* Begin PBXFileReference section */
		63C0806E1373AE4800352C94 /* libThingKit.a */ = {isa = PBXFileReference; explicitFileType = archive.ar; includeInIndex = 0; path = libThingKit.a; sourceTree = BUILT_PRODUCTS_DIR; };
		63C080711373AE4800352C94 /* Foundation.framework */ = {isa = PBXFileReference; lastKnownFileType = wrapper.framework; name = Foundation.framework; path = System/Library/Frameworks/Foundation.framework; sourceTree = SDKROOT; };
		63C080741373AE4800352C94 /* AddressBook.framework */ = {isa = PBXFileReference; lastKnownFileType = wrapper.framework; name = AddressBook.framework; path = System/Library/Frameworks/AddressBook.framework; sourceTree = SDKROOT; };
		63C080751373AE4800352C94 /* AddressBookUI.framework */ = {isa = PBXFileReference; lastKnownFileType = wrapper.framework; name = AddressBookUI.framework; path = System/Library/Frameworks/AddressBookUI.framework; sourceTree = SDKROOT; };
		63C080761373AE4800352C94 /* AssetsLibrary.framework */ = {isa = PBXFileReference; lastKnownFileType = wrapper.framework; name = AssetsLibrary.framework; path = System/Library/Frameworks/AssetsLibrary.framework; sourceTree = SDKROOT; };
		63C080771373AE4800352C94 /* AVFoundation.framework */ = {isa = PBXFileReference; lastKnownFileType = wrapper.framework; name = AVFoundation.framework; path = System/Library/Frameworks/AVFoundation.framework; sourceTree = SDKROOT; };
		63C080781373AE4800352C94 /* CFNetwork.framework */ = {isa = PBXFileReference; lastKnownFileType = wrapper.framework; name = CFNetwork.framework; path = System/Library/Frameworks/CFNetwork.framework; sourceTree = SDKROOT; };
		63C080791373AE4800352C94 /* CoreData.framework */ = {isa = PBXFileReference; lastKnownFileType = wrapper.framework; name = CoreData.framework; path = System/Library/Frameworks/CoreData.framework; sourceTree = SDKROOT; };
		63C0807A1373AE4800352C94 /* CoreFoundation.framework */ = {isa = PBXFileReference; lastKnownFileType = wrapper.framework; name = CoreFoundation.framework; path = System/Library/Frameworks/CoreFoundation.framework; sourceTree = SDKROOT; };
		63C0807B1373AE4800352C94 /* CoreGraphics.framework */ = {isa = PBXFileReference; lastKnownFileType = wrapper.framework; name = CoreGraphics.framework; path = System/Library/Frameworks/CoreGraphics.framework; sourceTree = SDKROOT; };
		63C0807C1373AE4800352C94 /* CoreLocation.framework */ = {isa = PBXFileReference; lastKnownFileType = wrapper.framework; name = CoreLocation.framework; path = System/Library/Frameworks/CoreLocation.framework; sourceTree = SDKROOT; };
		63C0807D1373AE4800352C94 /* CoreMotion.framework */ = {isa = PBXFileReference; lastKnownFileType = wrapper.framework; name = CoreMotion.framework; path = System/Library/Frameworks/CoreMotion.framework; sourceTree = SDKROOT; };
		63C0807E1373AE4800352C94 /* CoreText.framework */ = {isa = PBXFileReference; lastKnownFileType = wrapper.framework; name = CoreText.framework; path = System/Library/Frameworks/CoreText.framework; sourceTree = SDKROOT; };
		63C0807F1373AE4800352C94 /* EventKit.framework */ = {isa = PBXFileReference; lastKnownFileType = wrapper.framework; name = EventKit.framework; path = System/Library/Frameworks/EventKit.framework; sourceTree = SDKROOT; };
		63C080801373AE4800352C94 /* EventKitUI.framework */ = {isa = PBXFileReference; lastKnownFileType = wrapper.framework; name = EventKitUI.framework; path = System/Library/Frameworks/EventKitUI.framework; sourceTree = SDKROOT; };
		63C080811373AE4800352C94 /* GameKit.framework */ = {isa = PBXFileReference; lastKnownFileType = wrapper.framework; name = GameKit.framework; path = System/Library/Frameworks/GameKit.framework; sourceTree = SDKROOT; };
		63C080821373AE4800352C94 /* ImageIO.framework */ = {isa = PBXFileReference; lastKnownFileType = wrapper.framework; name = ImageIO.framework; path = System/Library/Frameworks/ImageIO.framework; sourceTree = SDKROOT; };
		63C080831373AE4800352C94 /* MapKit.framework */ = {isa = PBXFileReference; lastKnownFileType = wrapper.framework; name = MapKit.framework; path = System/Library/Frameworks/MapKit.framework; sourceTree = SDKROOT; };
		63C080841373AE4800352C94 /* MediaPlayer.framework */ = {isa = PBXFileReference; lastKnownFileType = wrapper.framework; name = MediaPlayer.framework; path = System/Library/Frameworks/MediaPlayer.framework; sourceTree = SDKROOT; };
		63C080851373AE4800352C94 /* MessageUI.framework */ = {isa = PBXFileReference; lastKnownFileType = wrapper.framework; name = MessageUI.framework; path = System/Library/Frameworks/MessageUI.framework; sourceTree = SDKROOT; };
		63C080861373AE4800352C94 /* MobileCoreServices.framework */ = {isa = PBXFileReference; lastKnownFileType = wrapper.framework; name = MobileCoreServices.framework; path = System/Library/Frameworks/MobileCoreServices.framework; sourceTree = SDKROOT; };
		63C080871373AE4800352C94 /* QuartzCore.framework */ = {isa = PBXFileReference; lastKnownFileType = wrapper.framework; name = QuartzCore.framework; path = System/Library/Frameworks/QuartzCore.framework; sourceTree = SDKROOT; };
		63C080881373AE4800352C94 /* QuickLook.framework */ = {isa = PBXFileReference; lastKnownFileType = wrapper.framework; name = QuickLook.framework; path = System/Library/Frameworks/QuickLook.framework; sourceTree = SDKROOT; };
		63C080891373AE4800352C94 /* StoreKit.framework */ = {isa = PBXFileReference; lastKnownFileType = wrapper.framework; name = StoreKit.framework; path = System/Library/Frameworks/StoreKit.framework; sourceTree = SDKROOT; };
		63C0808A1373AE4800352C94 /* SystemConfiguration.framework */ = {isa = PBXFileReference; lastKnownFileType = wrapper.framework; name = SystemConfiguration.framework; path = System/Library/Frameworks/SystemConfiguration.framework; sourceTree = SDKROOT; };
		63C0808B1373AE4800352C94 /* UIKit.framework */ = {isa = PBXFileReference; lastKnownFileType = wrapper.framework; name = UIKit.framework; path = System/Library/Frameworks/UIKit.framework; sourceTree = SDKROOT; };
		63C0808E1373AE4800352C94 /* Library.xcconfig */ = {isa = PBXFileReference; lastKnownFileType = text.xcconfig; name = Library.xcconfig; path = Configurations/Library.xcconfig; sourceTree = "<group>"; };
		63C0808F1373AE4800352C94 /* Project.xcconfig */ = {isa = PBXFileReference; lastKnownFileType = text.xcconfig; name = Project.xcconfig; path = Configurations/Project.xcconfig; sourceTree = "<group>"; };
		63C080901373AE4800352C94 /* Debug.xcconfig */ = {isa = PBXFileReference; lastKnownFileType = text.xcconfig; name = Debug.xcconfig; path = Configurations/Debug.xcconfig; sourceTree = "<group>"; };
		63C080911373AE4800352C94 /* Release.xcconfig */ = {isa = PBXFileReference; lastKnownFileType = text.xcconfig; name = Release.xcconfig; path = Configurations/Release.xcconfig; sourceTree = "<group>"; };
		63C080921373AE4800352C94 /* UnitTests.xcconfig */ = {isa = PBXFileReference; lastKnownFileType = text.xcconfig; name = UnitTests.xcconfig; path = Configurations/UnitTests.xcconfig; sourceTree = "<group>"; };
		63C080931373AE4800352C94 /* Version.xcconfig */ = {isa = PBXFileReference; lastKnownFileType = text.xcconfig; name = Version.xcconfig; path = Configurations/Version.xcconfig; sourceTree = "<group>"; };
		63C0809A1373AE4800352C94 /* ThingKit.h */ = {isa = PBXFileReference; lastKnownFileType = sourcecode.c.h; name = ThingKit.h; path = Project/ThingKit.h; sourceTree = "<group>"; };
		63C0809D1373AE4800352C94 /* ThingKitLibrary.h */ = {isa = PBXFileReference; lastKnownFileType = sourcecode.c.h; name = ThingKitLibrary.h; path = Project/Library/ThingKitLibrary.h; sourceTree = "<group>"; };
		63C0809F1373AE4800352C94 /* ThingKitLibrary.m */ = {isa = PBXFileReference; lastKnownFileType = sourcecode.c.objc; name = ThingKitLibrary.m; path = Project/Library/ThingKitLibrary.m; sourceTree = "<group>"; };
		63C0811A1373B8B700352C94 /* THGItem.h */ = {isa = PBXFileReference; fileEncoding = 4; lastKnownFileType = sourcecode.c.h; name = THGItem.h; path = Classes/THGItem.h; sourceTree = "<group>"; };
		63C0811B1373B8B700352C94 /* THGItem.m */ = {isa = PBXFileReference; fileEncoding = 4; lastKnownFileType = sourcecode.c.objc; name = THGItem.m; path = Classes/THGItem.m; sourceTree = "<group>"; };
		63C0811C1373B8B700352C94 /* THGItem+Private.h */ = {isa = PBXFileReference; fileEncoding = 4; lastKnownFileType = sourcecode.c.h; name = "THGItem+Private.h"; path = "Classes/THGItem+Private.h"; sourceTree = "<group>"; };
		63C0811D1373B8B700352C94 /* THGItem+Private.m */ = {isa = PBXFileReference; fileEncoding = 4; lastKnownFileType = sourcecode.c.objc; name = "THGItem+Private.m"; path = "Classes/THGItem+Private.m"; sourceTree = "<group>"; };
/* End PBXFileReference section */

/* Begin PBXFrameworksBuildPhase section */
		63C0806A1373AE4800352C94 /* Frameworks */ = {
			isa = PBXFrameworksBuildPhase;
			buildActionMask = 2147483647;
			files = (
				63C080721373AE4800352C94 /* Foundation.framework in Frameworks */,
			);
			runOnlyForDeploymentPostprocessing = 0;
		};
/* End PBXFrameworksBuildPhase section */

/* Begin PBXGroup section */
		63C080611373AE4800352C94 = {
			isa = PBXGroup;
			children = (
				63C0806F1373AE4800352C94 /* Products */,
				63C080701373AE4800352C94 /* Frameworks */,
				63C0808C1373AE4800352C94 /* ThingKit */,
			);
			sourceTree = "<group>";
		};
		63C0806F1373AE4800352C94 /* Products */ = {
			isa = PBXGroup;
			children = (
				63C0806E1373AE4800352C94 /* libThingKit.a */,
			);
			name = Products;
			sourceTree = "<group>";
		};
		63C080701373AE4800352C94 /* Frameworks */ = {
			isa = PBXGroup;
			children = (
				63C080711373AE4800352C94 /* Foundation.framework */,
				63C080731373AE4800352C94 /* Other Frameworks */,
			);
			name = Frameworks;
			sourceTree = "<group>";
		};
		63C080731373AE4800352C94 /* Other Frameworks */ = {
			isa = PBXGroup;
			children = (
				63C080741373AE4800352C94 /* AddressBook.framework */,
				63C080751373AE4800352C94 /* AddressBookUI.framework */,
				63C080761373AE4800352C94 /* AssetsLibrary.framework */,
				63C080771373AE4800352C94 /* AVFoundation.framework */,
				63C080781373AE4800352C94 /* CFNetwork.framework */,
				63C080791373AE4800352C94 /* CoreData.framework */,
				63C0807A1373AE4800352C94 /* CoreFoundation.framework */,
				63C0807B1373AE4800352C94 /* CoreGraphics.framework */,
				63C0807C1373AE4800352C94 /* CoreLocation.framework */,
				63C0807D1373AE4800352C94 /* CoreMotion.framework */,
				63C0807E1373AE4800352C94 /* CoreText.framework */,
				63C0807F1373AE4800352C94 /* EventKit.framework */,
				63C080801373AE4800352C94 /* EventKitUI.framework */,
				63C080811373AE4800352C94 /* GameKit.framework */,
				63C080821373AE4800352C94 /* ImageIO.framework */,
				63C080831373AE4800352C94 /* MapKit.framework */,
				63C080841373AE4800352C94 /* MediaPlayer.framework */,
				63C080851373AE4800352C94 /* MessageUI.framework */,
				63C080861373AE4800352C94 /* MobileCoreServices.framework */,
				63C080871373AE4800352C94 /* QuartzCore.framework */,
				63C080881373AE4800352C94 /* QuickLook.framework */,
				63C080891373AE4800352C94 /* StoreKit.framework */,
				63C0808A1373AE4800352C94 /* SystemConfiguration.framework */,
				63C0808B1373AE4800352C94 /* UIKit.framework */,
			);
			name = "Other Frameworks";
			sourceTree = "<group>";
		};
		63C0808C1373AE4800352C94 /* ThingKit */ = {
			isa = PBXGroup;
			children = (
				63C0808D1373AE4800352C94 /* Configurations */,
				63C080991373AE4800352C94 /* Project */,
				63C080941373AE4800352C94 /* Classes */,
			);
			path = ThingKit;
			sourceTree = SOURCE_ROOT;
		};
		63C0808D1373AE4800352C94 /* Configurations */ = {
			isa = PBXGroup;
			children = (
				63C0808F1373AE4800352C94 /* Project.xcconfig */,
				63C0808E1373AE4800352C94 /* Library.xcconfig */,
				63C080921373AE4800352C94 /* UnitTests.xcconfig */,
				63C080901373AE4800352C94 /* Debug.xcconfig */,
				63C080911373AE4800352C94 /* Release.xcconfig */,
				63C080931373AE4800352C94 /* Version.xcconfig */,
			);
			name = Configurations;
			path = ThingKit;
			sourceTree = SOURCE_ROOT;
		};
		63C080941373AE4800352C94 /* Classes */ = {
			isa = PBXGroup;
			children = (
				63C0811A1373B8B700352C94 /* THGItem.h */,
				63C0811B1373B8B700352C94 /* THGItem.m */,
				63C0811C1373B8B700352C94 /* THGItem+Private.h */,
				63C0811D1373B8B700352C94 /* THGItem+Private.m */,
			);
			name = Classes;
			path = ThingKit;
			sourceTree = SOURCE_ROOT;
		};
		63C080991373AE4800352C94 /* Project */ = {
			isa = PBXGroup;
			children = (
				63C0809A1373AE4800352C94 /* ThingKit.h */,
				63C0809C1373AE4800352C94 /* Library */,
			);
			name = Project;
			path = ThingKit;
			sourceTree = SOURCE_ROOT;
		};
		63C0809C1373AE4800352C94 /* Library */ = {
			isa = PBXGroup;
			children = (
				63C0809D1373AE4800352C94 /* ThingKitLibrary.h */,
				63C0809F1373AE4800352C94 /* ThingKitLibrary.m */,
			);
			name = Library;
			sourceTree = "<group>";
		};
/* End PBXGroup section */

/* Begin PBXHeadersBuildPhase section */
		63C080681373AE4800352C94 /* Headers */ = {
			isa = PBXHeadersBuildPhase;
			buildActionMask = 2147483647;
			files = (
				63C0809B1373AE4800352C94 /* ThingKit.h in Headers */,
				63C0809E1373AE4800352C94 /* ThingKitLibrary.h in Headers */,
				63C0811E1373B8B700352C94 /* THGItem.h in Headers */,
				63C081201373B8B700352C94 /* THGItem+Private.h in Headers */,
			);
			runOnlyForDeploymentPostprocessing = 0;
		};
/* End PBXHeadersBuildPhase section */

/* Begin PBXNativeTarget section */
		63C0806D1373AE4800352C94 /* ThingKit */ = {
			isa = PBXNativeTarget;
			buildConfigurationList = 63C080A31373AE4800352C94 /* Build configuration list for PBXNativeTarget "ThingKit" */;
			buildPhases = (
				63C080681373AE4800352C94 /* Headers */,
				63C080691373AE4800352C94 /* Sources */,
				63C0806A1373AE4800352C94 /* Frameworks */,
				63C0806B1373AE4800352C94 /* CopyFiles */,
				63C0806C1373AE4800352C94 /* ShellScript */,
			);
			buildRules = (
			);
			dependencies = (
			);
			name = ThingKit;
			productName = ThingKit;
			productReference = 63C0806E1373AE4800352C94 /* libThingKit.a */;
			productType = "com.apple.product-type.library.static";
		};
/* End PBXNativeTarget section */

/* Begin PBXProject section */
		63C080631373AE4800352C94 /* Project object */ = {
			isa = PBXProject;
			attributes = {
				ORGANIZATIONNAME = Semantap;
			};
			buildConfigurationList = 63C080661373AE4800352C94 /* Build configuration list for PBXProject "ThingKit" */;
			compatibilityVersion = "Xcode 3.2";
			developmentRegion = English;
			hasScannedForEncodings = 0;
			knownRegions = (
				en,
			);
			mainGroup = 63C080611373AE4800352C94;
			productRefGroup = 63C0806F1373AE4800352C94 /* Products */;
			projectDirPath = "";
			projectRoot = "";
			targets = (
				63C0806D1373AE4800352C94 /* ThingKit */,
			);
		};
/* End PBXProject section */

/* Begin PBXShellScriptBuildPhase section */
		63C0806C1373AE4800352C94 /* ShellScript */ = {
			isa = PBXShellScriptBuildPhase;
			buildActionMask = 2147483647;
			files = (
			);
			inputPaths = (
			);
			outputPaths = (
			);
			runOnlyForDeploymentPostprocessing = 0;
			shellPath = /bin/tcsh;
			shellScript = "${SCRIPT_DEPLOY_LIBRARY}";
		};
/* End PBXShellScriptBuildPhase section */

/* Begin PBXSourcesBuildPhase section */
		63C080691373AE4800352C94 /* Sources */ = {
			isa = PBXSourcesBuildPhase;
			buildActionMask = 2147483647;
			files = (
				63C080A01373AE4800352C94 /* ThingKitLibrary.m in Sources */,
				63C0811F1373B8B700352C94 /* THGItem.m in Sources */,
				63C081211373B8B700352C94 /* THGItem+Private.m in Sources */,
			);
			runOnlyForDeploymentPostprocessing = 0;
		};
/* End PBXSourcesBuildPhase section */

/* Begin XCBuildConfiguration section */
		63C080A11373AE4800352C94 /* Debug */ = {
			isa = XCBuildConfiguration;
			baseConfigurationReference = 63C0808F1373AE4800352C94 /* Project.xcconfig */;
			buildSettings = {
				SDKROOT = iphoneos;
			};
			name = Debug;
		};
		63C080A21373AE4800352C94 /* Release */ = {
			isa = XCBuildConfiguration;
			baseConfigurationReference = 63C0808F1373AE4800352C94 /* Project.xcconfig */;
			buildSettings = {
				SDKROOT = iphoneos;
			};
			name = Release;
		};
		63C080A41373AE4800352C94 /* Debug */ = {
			isa = XCBuildConfiguration;
			baseConfigurationReference = 63C080901373AE4800352C94 /* Debug.xcconfig */;
			buildSettings = {
			};
			name = Debug;
		};
		63C080A51373AE4800352C94 /* Release */ = {
			isa = XCBuildConfiguration;
			baseConfigurationReference = 63C080911373AE4800352C94 /* Release.xcconfig */;
			buildSettings = {
			};
			name = Release;
		};
/* End XCBuildConfiguration section */

/* Begin XCConfigurationList section */
		63C080661373AE4800352C94 /* Build configuration list for PBXProject "ThingKit" */ = {
			isa = XCConfigurationList;
			buildConfigurations = (
				63C080A11373AE4800352C94 /* Debug */,
				63C080A21373AE4800352C94 /* Release */,
			);
			defaultConfigurationIsVisible = 0;
			defaultConfigurationName = Release;
		};
		63C080A31373AE4800352C94 /* Build configuration list for PBXNativeTarget "ThingKit" */ = {
			isa = XCConfigurationList;
			buildConfigurations = (
				63C080A41373AE4800352C94 /* Debug */,
				63C080A51373AE4800352C94 /* Release */,
			);
			defaultConfigurationIsVisible = 0;
			defaultConfigurationName = Release;
		};
/* End XCConfigurationList section */
	};
	rootObject = 63C080631373AE4800352C94 /* Project object */;
}
